
Microsoft Visual Studio Solution File, Format Version 12.00
Project("{FAE04EC0-301F-11D3-BF4B-00C04F79EFBC}") = "NetCoreIdentityApp", "NetCoreIdentityApp\NetCoreIdentityApp.csproj", "{61D7DA15-5739-4E93-AC9B-DD35E5C6840D}"
EndProject
Project("{FAE04EC0-301F-11D3-BF4B-00C04F79EFBC}") = "DataAccess", "DataAccess\DataAccess.csproj", "{487BA0C0-F6D9-4C89-89E0-25B1B1B399D2}"
EndProject
Project("{FAE04EC0-301F-11D3-BF4B-00C04F79EFBC}") = "Core", "Core\Core.csproj", "{7057F04B-83C1-4FCD-A5D5-F46256B040B2}"
EndProject
Project("{FAE04EC0-301F-11D3-BF4B-00C04F79EFBC}") = "Entities", "Entities\Entities.csproj", "{38F9366F-38AF-4E23-BAFC-D2AF52660214}"
EndProject
Global
	GlobalSection(SolutionConfigurationPlatforms) = preSolution
		Debug|Any CPU = Debug|Any CPU
		Release|Any CPU = Release|Any CPU
	EndGlobalSection
	GlobalSection(ProjectConfigurationPlatforms) = postSolution
		{61D7DA15-5739-4E93-AC9B-DD35E5C6840D}.Debug|Any CPU.ActiveCfg = Debug|Any CPU
		{61D7DA15-5739-4E93-AC9B-DD35E5C6840D}.Debug|Any CPU.Build.0 = Debug|Any CPU
		{61D7DA15-5739-4E93-AC9B-DD35E5C6840D}.Release|Any CPU.ActiveCfg = Release|Any CPU
		{61D7DA15-5739-4E93-AC9B-DD35E5C6840D}.Release|Any CPU.Build.0 = Release|Any CPU
		{487BA0C0-F6D9-4C89-89E0-25B1B1B399D2}.Debug|Any CPU.ActiveCfg = Debug|Any CPU
		{487BA0C0-F6D9-4C89-89E0-25B1B1B399D2}.Debug|Any CPU.Build.0 = Debug|Any CPU
		{487BA0C0-F6D9-4C89-89E0-25B1B1B399D2}.Release|Any CPU.ActiveCfg = Release|Any CPU
		{487BA0C0-F6D9-4C89-89E0-25B1B1B399D2}.Release|Any CPU.Build.0 = Release|Any CPU
		{7057F04B-83C1-4FCD-A5D5-F46256B040B2}.Debug|Any CPU.ActiveCfg = Debug|Any CPU
		{7057F04B-83C1-4FCD-A5D5-F46256B040B2}.Debug|Any CPU.Build.0 = Debug|Any CPU
		{7057F04B-83C1-4FCD-A5D5-F46256B040B2}.Release|Any CPU.ActiveCfg = Release|Any CPU
		{7057F04B-83C1-4FCD-A5D5-F46256B040B2}.Release|Any CPU.Build.0 = Release|Any CPU
		{38F9366F-38AF-4E23-BAFC-D2AF52660214}.Debug|Any CPU.ActiveCfg = Debug|Any CPU
		{38F9366F-38AF-4E23-BAFC-D2AF52660214}.Debug|Any CPU.Build.0 = Debug|Any CPU
		{38F9366F-38AF-4E23-BAFC-D2AF52660214}.Release|Any CPU.ActiveCfg = Release|Any CPU
		{38F9366F-38AF-4E23-BAFC-D2AF52660214}.Release|Any CPU.Build.0 = Release|Any CPU
	EndGlobalSection
EndGlobal
